// !$*UTF8*$!
{
	archiveVersion = 1;
	classes = {
	};
	objectVersion = 46;
	objects = {

/* Begin PBXBuildFile section */
		DB4382471DA49B7F00F0FCE3 /* AppDelegate.swift in Sources */ = {isa = PBXBuildFile; fileRef = DB4382461DA49B7F00F0FCE3 /* AppDelegate.swift */; };
		DB4382491DA49B7F00F0FCE3 /* ViewController.swift in Sources */ = {isa = PBXBuildFile; fileRef = DB4382481DA49B7F00F0FCE3 /* ViewController.swift */; };
		DB43824B1DA49B7F00F0FCE3 /* Assets.xcassets in Resources */ = {isa = PBXBuildFile; fileRef = DB43824A1DA49B7F00F0FCE3 /* Assets.xcassets */; };
		DB43824E1DA49B7F00F0FCE3 /* Main.storyboard in Resources */ = {isa = PBXBuildFile; fileRef = DB43824C1DA49B7F00F0FCE3 /* Main.storyboard */; };
		DB4382571DA49BB900F0FCE3 /* Connection.swift in Sources */ = {isa = PBXBuildFile; fileRef = DB4382561DA49BB900F0FCE3 /* Connection.swift */; };
		DB4382591DA49C3B00F0FCE3 /* Site.swift in Sources */ = {isa = PBXBuildFile; fileRef = DB4382581DA49C3B00F0FCE3 /* Site.swift */; };
		DB43825C1DA49D4900F0FCE3 /* Encoder.swift in Sources */ = {isa = PBXBuildFile; fileRef = DB43825B1DA49D4900F0FCE3 /* Encoder.swift */; };
		DBC2D19D1DA4A72700B7EED7 /* GlobalConfig.swift in Sources */ = {isa = PBXBuildFile; fileRef = DBC2D19C1DA4A72700B7EED7 /* GlobalConfig.swift */; };
		DBC2D19F1DA4A80100B7EED7 /* CommonTypes.swift in Sources */ = {isa = PBXBuildFile; fileRef = DBC2D19E1DA4A80100B7EED7 /* CommonTypes.swift */; };
		DBC2D1A11DA4AB2000B7EED7 /* Terminal.swift in Sources */ = {isa = PBXBuildFile; fileRef = DBC2D1A01DA4AB2000B7EED7 /* Terminal.swift */; };
		DBC2D1A31DA4B1CA00B7EED7 /* TerminalFeeder.swift in Sources */ = {isa = PBXBuildFile; fileRef = DBC2D1A21DA4B1CA00B7EED7 /* TerminalFeeder.swift */; };
		DBC2D1A51DA4B2E700B7EED7 /* PTY.swift in Sources */ = {isa = PBXBuildFile; fileRef = DBC2D1A41DA4B2E700B7EED7 /* PTY.swift */; };
		DBC2D1A81DA4E9E400B7EED7 /* MessageDelegate.swift in Sources */ = {isa = PBXBuildFile; fileRef = DBC2D1A71DA4E9E400B7EED7 /* MessageDelegate.swift */; };
		DBC2D1AB1DA4FB5200B7EED7 /* Proxy.swift in Sources */ = {isa = PBXBuildFile; fileRef = DBC2D1AA1DA4FB5200B7EED7 /* Proxy.swift */; };
		DBC2D1B01DA5FF0E00B7EED7 /* TermView.swift in Sources */ = {isa = PBXBuildFile; fileRef = DBC2D1AF1DA5FF0E00B7EED7 /* TermView.swift */; };
/* End PBXBuildFile section */

/* Begin PBXFileReference section */
		DB4382431DA49B7F00F0FCE3 /* swelly.app */ = {isa = PBXFileReference; explicitFileType = wrapper.application; includeInIndex = 0; path = swelly.app; sourceTree = BUILT_PRODUCTS_DIR; };
		DB4382461DA49B7F00F0FCE3 /* AppDelegate.swift */ = {isa = PBXFileReference; lastKnownFileType = sourcecode.swift; path = AppDelegate.swift; sourceTree = "<group>"; };
		DB4382481DA49B7F00F0FCE3 /* ViewController.swift */ = {isa = PBXFileReference; lastKnownFileType = sourcecode.swift; path = ViewController.swift; sourceTree = "<group>"; };
		DB43824A1DA49B7F00F0FCE3 /* Assets.xcassets */ = {isa = PBXFileReference; lastKnownFileType = folder.assetcatalog; path = Assets.xcassets; sourceTree = "<group>"; };
		DB43824D1DA49B7F00F0FCE3 /* Base */ = {isa = PBXFileReference; lastKnownFileType = file.storyboard; name = Base; path = Base.lproj/Main.storyboard; sourceTree = "<group>"; };
		DB43824F1DA49B7F00F0FCE3 /* Info.plist */ = {isa = PBXFileReference; lastKnownFileType = text.plist.xml; path = Info.plist; sourceTree = "<group>"; };
		DB4382561DA49BB900F0FCE3 /* Connection.swift */ = {isa = PBXFileReference; fileEncoding = 4; lastKnownFileType = sourcecode.swift; path = Connection.swift; sourceTree = "<group>"; };
		DB4382581DA49C3B00F0FCE3 /* Site.swift */ = {isa = PBXFileReference; fileEncoding = 4; lastKnownFileType = sourcecode.swift; path = Site.swift; sourceTree = "<group>"; };
		DB43825B1DA49D4900F0FCE3 /* Encoder.swift */ = {isa = PBXFileReference; fileEncoding = 4; lastKnownFileType = sourcecode.swift; path = Encoder.swift; sourceTree = "<group>"; };
		DBC2D19C1DA4A72700B7EED7 /* GlobalConfig.swift */ = {isa = PBXFileReference; fileEncoding = 4; lastKnownFileType = sourcecode.swift; path = GlobalConfig.swift; sourceTree = "<group>"; };
		DBC2D19E1DA4A80100B7EED7 /* CommonTypes.swift */ = {isa = PBXFileReference; fileEncoding = 4; lastKnownFileType = sourcecode.swift; path = CommonTypes.swift; sourceTree = "<group>"; };
		DBC2D1A01DA4AB2000B7EED7 /* Terminal.swift */ = {isa = PBXFileReference; fileEncoding = 4; lastKnownFileType = sourcecode.swift; path = Terminal.swift; sourceTree = "<group>"; };
		DBC2D1A21DA4B1CA00B7EED7 /* TerminalFeeder.swift */ = {isa = PBXFileReference; fileEncoding = 4; lastKnownFileType = sourcecode.swift; path = TerminalFeeder.swift; sourceTree = "<group>"; };
		DBC2D1A41DA4B2E700B7EED7 /* PTY.swift */ = {isa = PBXFileReference; fileEncoding = 4; lastKnownFileType = sourcecode.swift; path = PTY.swift; sourceTree = "<group>"; };
		DBC2D1A71DA4E9E400B7EED7 /* MessageDelegate.swift */ = {isa = PBXFileReference; fileEncoding = 4; lastKnownFileType = sourcecode.swift; path = MessageDelegate.swift; sourceTree = "<group>"; };
		DBC2D1AA1DA4FB5200B7EED7 /* Proxy.swift */ = {isa = PBXFileReference; fileEncoding = 4; lastKnownFileType = sourcecode.swift; path = Proxy.swift; sourceTree = "<group>"; };
		DBC2D1AF1DA5FF0E00B7EED7 /* TermView.swift */ = {isa = PBXFileReference; fileEncoding = 4; lastKnownFileType = sourcecode.swift; path = TermView.swift; sourceTree = "<group>"; };
/* End PBXFileReference section */

/* Begin PBXFrameworksBuildPhase section */
		DB4382401DA49B7F00F0FCE3 /* Frameworks */ = {
			isa = PBXFrameworksBuildPhase;
			buildActionMask = 2147483647;
			files = (
			);
			runOnlyForDeploymentPostprocessing = 0;
		};
/* End PBXFrameworksBuildPhase section */

/* Begin PBXGroup section */
		DB43823A1DA49B7F00F0FCE3 = {
			isa = PBXGroup;
			children = (
				DB4382451DA49B7F00F0FCE3 /* swelly */,
				DB4382441DA49B7F00F0FCE3 /* Products */,
			);
			sourceTree = "<group>";
		};
		DB4382441DA49B7F00F0FCE3 /* Products */ = {
			isa = PBXGroup;
			children = (
				DB4382431DA49B7F00F0FCE3 /* swelly.app */,
			);
			name = Products;
			sourceTree = "<group>";
		};
		DB4382451DA49B7F00F0FCE3 /* swelly */ = {
			isa = PBXGroup;
			children = (
				DB4382551DA49B8C00F0FCE3 /* Model */,
				DBC2D1AC1DA5FECD00B7EED7 /* Views */,
				DB43825A1DA49D3100F0FCE3 /* Constants & Utilities */,
				DBC2D1A91DA4FB1600B7EED7 /* Feature */,
				DB4382461DA49B7F00F0FCE3 /* AppDelegate.swift */,
				DB4382481DA49B7F00F0FCE3 /* ViewController.swift */,
				DB43824A1DA49B7F00F0FCE3 /* Assets.xcassets */,
				DB43824C1DA49B7F00F0FCE3 /* Main.storyboard */,
				DB43824F1DA49B7F00F0FCE3 /* Info.plist */,
			);
			path = swelly;
			sourceTree = "<group>";
		};
		DB4382551DA49B8C00F0FCE3 /* Model */ = {
			isa = PBXGroup;
			children = (
				DB4382561DA49BB900F0FCE3 /* Connection.swift */,
				DBC2D1A41DA4B2E700B7EED7 /* PTY.swift */,
				DBC2D1A01DA4AB2000B7EED7 /* Terminal.swift */,
				DBC2D1A21DA4B1CA00B7EED7 /* TerminalFeeder.swift */,
				DB4382581DA49C3B00F0FCE3 /* Site.swift */,
			);
			name = Model;
			sourceTree = "<group>";
		};
		DB43825A1DA49D3100F0FCE3 /* Constants & Utilities */ = {
			isa = PBXGroup;
			children = (
				DB43825B1DA49D4900F0FCE3 /* Encoder.swift */,
				DBC2D19C1DA4A72700B7EED7 /* GlobalConfig.swift */,
				DBC2D19E1DA4A80100B7EED7 /* CommonTypes.swift */,
			);
			name = "Constants & Utilities";
			sourceTree = "<group>";
		};
		DBC2D1A61DA4E9D000B7EED7 /* Message */ = {
			isa = PBXGroup;
			children = (
				DBC2D1A71DA4E9E400B7EED7 /* MessageDelegate.swift */,
			);
			name = Message;
			sourceTree = "<group>";
		};
		DBC2D1A91DA4FB1600B7EED7 /* Feature */ = {
			isa = PBXGroup;
			children = (
				DBC2D1A61DA4E9D000B7EED7 /* Message */,
				DBC2D1AA1DA4FB5200B7EED7 /* Proxy.swift */,
			);
			name = Feature;
			sourceTree = "<group>";
		};
		DBC2D1AC1DA5FECD00B7EED7 /* Views */ = {
			isa = PBXGroup;
			children = (
				DBC2D1AD1DA5FED400B7EED7 /* Terminal View */,
				DBC2D1AE1DA5FEDE00B7EED7 /* Tab View */,
			);
			name = Views;
			sourceTree = "<group>";
		};
		DBC2D1AD1DA5FED400B7EED7 /* Terminal View */ = {
			isa = PBXGroup;
			children = (
				DBC2D1AF1DA5FF0E00B7EED7 /* TermView.swift */,
			);
			name = "Terminal View";
			sourceTree = "<group>";
		};
		DBC2D1AE1DA5FEDE00B7EED7 /* Tab View */ = {
			isa = PBXGroup;
			children = (
			);
			name = "Tab View";
			sourceTree = "<group>";
		};
/* End PBXGroup section */

/* Begin PBXNativeTarget section */
		DB4382421DA49B7F00F0FCE3 /* swelly */ = {
			isa = PBXNativeTarget;
			buildConfigurationList = DB4382521DA49B7F00F0FCE3 /* Build configuration list for PBXNativeTarget "swelly" */;
			buildPhases = (
				DB43823F1DA49B7F00F0FCE3 /* Sources */,
				DB4382401DA49B7F00F0FCE3 /* Frameworks */,
				DB4382411DA49B7F00F0FCE3 /* Resources */,
			);
			buildRules = (
			);
			dependencies = (
			);
			name = swelly;
			productName = swelly;
			productReference = DB4382431DA49B7F00F0FCE3 /* swelly.app */;
			productType = "com.apple.product-type.application";
		};
/* End PBXNativeTarget section */

/* Begin PBXProject section */
		DB43823B1DA49B7F00F0FCE3 /* Project object */ = {
			isa = PBXProject;
			attributes = {
				LastSwiftUpdateCheck = 0800;
				LastUpgradeCheck = 0820;
				TargetAttributes = {
					DB4382421DA49B7F00F0FCE3 = {
						CreatedOnToolsVersion = 8.0;
						DevelopmentTeam = 8K4ZZ387R8;
						ProvisioningStyle = Automatic;
					};
				};
			};
			buildConfigurationList = DB43823E1DA49B7F00F0FCE3 /* Build configuration list for PBXProject "swelly" */;
			compatibilityVersion = "Xcode 3.2";
			developmentRegion = English;
			hasScannedForEncodings = 0;
			knownRegions = (
				en,
				Base,
			);
			mainGroup = DB43823A1DA49B7F00F0FCE3;
			productRefGroup = DB4382441DA49B7F00F0FCE3 /* Products */;
			projectDirPath = "";
			projectRoot = "";
			targets = (
				DB4382421DA49B7F00F0FCE3 /* swelly */,
			);
		};
/* End PBXProject section */

/* Begin PBXResourcesBuildPhase section */
		DB4382411DA49B7F00F0FCE3 /* Resources */ = {
			isa = PBXResourcesBuildPhase;
			buildActionMask = 2147483647;
			files = (
				DB43824B1DA49B7F00F0FCE3 /* Assets.xcassets in Resources */,
				DB43824E1DA49B7F00F0FCE3 /* Main.storyboard in Resources */,
			);
			runOnlyForDeploymentPostprocessing = 0;
		};
/* End PBXResourcesBuildPhase section */

/* Begin PBXSourcesBuildPhase section */
		DB43823F1DA49B7F00F0FCE3 /* Sources */ = {
			isa = PBXSourcesBuildPhase;
			buildActionMask = 2147483647;
			files = (
				DB4382491DA49B7F00F0FCE3 /* ViewController.swift in Sources */,
				DBC2D1A51DA4B2E700B7EED7 /* PTY.swift in Sources */,
				DBC2D19F1DA4A80100B7EED7 /* CommonTypes.swift in Sources */,
				DB4382571DA49BB900F0FCE3 /* Connection.swift in Sources */,
				DBC2D1AB1DA4FB5200B7EED7 /* Proxy.swift in Sources */,
				DBC2D19D1DA4A72700B7EED7 /* GlobalConfig.swift in Sources */,
				DB43825C1DA49D4900F0FCE3 /* Encoder.swift in Sources */,
				DBC2D1A31DA4B1CA00B7EED7 /* TerminalFeeder.swift in Sources */,
				DBC2D1B01DA5FF0E00B7EED7 /* TermView.swift in Sources */,
				DBC2D1A81DA4E9E400B7EED7 /* MessageDelegate.swift in Sources */,
				DBC2D1A11DA4AB2000B7EED7 /* Terminal.swift in Sources */,
				DB4382591DA49C3B00F0FCE3 /* Site.swift in Sources */,
				DB4382471DA49B7F00F0FCE3 /* AppDelegate.swift in Sources */,
			);
			runOnlyForDeploymentPostprocessing = 0;
		};
/* End PBXSourcesBuildPhase section */

/* Begin PBXVariantGroup section */
		DB43824C1DA49B7F00F0FCE3 /* Main.storyboard */ = {
			isa = PBXVariantGroup;
			children = (
				DB43824D1DA49B7F00F0FCE3 /* Base */,
			);
			name = Main.storyboard;
			sourceTree = "<group>";
		};
/* End PBXVariantGroup section */

/* Begin XCBuildConfiguration section */
		DB4382501DA49B7F00F0FCE3 /* Debug */ = {
			isa = XCBuildConfiguration;
			buildSettings = {
				ALWAYS_SEARCH_USER_PATHS = NO;
				CLANG_ANALYZER_NONNULL = YES;
				CLANG_CXX_LANGUAGE_STANDARD = "gnu++0x";
				CLANG_CXX_LIBRARY = "libc++";
				CLANG_ENABLE_MODULES = YES;
				CLANG_ENABLE_OBJC_ARC = YES;
				CLANG_WARN_BOOL_CONVERSION = YES;
				CLANG_WARN_CONSTANT_CONVERSION = YES;
				CLANG_WARN_DIRECT_OBJC_ISA_USAGE = YES_ERROR;
				CLANG_WARN_DOCUMENTATION_COMMENTS = YES;
				CLANG_WARN_EMPTY_BODY = YES;
				CLANG_WARN_ENUM_CONVERSION = YES;
				CLANG_WARN_INFINITE_RECURSION = YES;
				CLANG_WARN_INT_CONVERSION = YES;
				CLANG_WARN_OBJC_ROOT_CLASS = YES_ERROR;
				CLANG_WARN_SUSPICIOUS_MOVE = YES;
				CLANG_WARN_SUSPICIOUS_MOVES = YES;
				CLANG_WARN_UNREACHABLE_CODE = YES;
				CLANG_WARN__DUPLICATE_METHOD_MATCH = YES;
				CODE_SIGN_IDENTITY = "-";
				COPY_PHASE_STRIP = NO;
				DEBUG_INFORMATION_FORMAT = dwarf;
				ENABLE_STRICT_OBJC_MSGSEND = YES;
				ENABLE_TESTABILITY = YES;
				GCC_C_LANGUAGE_STANDARD = gnu99;
				GCC_DYNAMIC_NO_PIC = NO;
				GCC_NO_COMMON_BLOCKS = YES;
				GCC_OPTIMIZATION_LEVEL = 0;
				GCC_PREPROCESSOR_DEFINITIONS = (
					"DEBUG=1",
					"$(inherited)",
				);
				GCC_WARN_64_TO_32_BIT_CONVERSION = YES;
				GCC_WARN_ABOUT_RETURN_TYPE = YES_ERROR;
				GCC_WARN_UNDECLARED_SELECTOR = YES;
				GCC_WARN_UNINITIALIZED_AUTOS = YES_AGGRESSIVE;
				GCC_WARN_UNUSED_FUNCTION = YES;
				GCC_WARN_UNUSED_VARIABLE = YES;
				MACOSX_DEPLOYMENT_TARGET = 10.12;
				MTL_ENABLE_DEBUG_INFO = YES;
				ONLY_ACTIVE_ARCH = YES;
				SDKROOT = macosx;
				SWIFT_ACTIVE_COMPILATION_CONDITIONS = DEBUG;
				SWIFT_OPTIMIZATION_LEVEL = "-Onone";
			};
			name = Debug;
		};
		DB4382511DA49B7F00F0FCE3 /* Release */ = {
			isa = XCBuildConfiguration;
			buildSettings = {
				ALWAYS_SEARCH_USER_PATHS = NO;
				CLANG_ANALYZER_NONNULL = YES;
				CLANG_CXX_LANGUAGE_STANDARD = "gnu++0x";
				CLANG_CXX_LIBRARY = "libc++";
				CLANG_ENABLE_MODULES = YES;
				CLANG_ENABLE_OBJC_ARC = YES;
				CLANG_WARN_BOOL_CONVERSION = YES;
				CLANG_WARN_CONSTANT_CONVERSION = YES;
				CLANG_WARN_DIRECT_OBJC_ISA_USAGE = YES_ERROR;
				CLANG_WARN_DOCUMENTATION_COMMENTS = YES;
				CLANG_WARN_EMPTY_BODY = YES;
				CLANG_WARN_ENUM_CONVERSION = YES;
				CLANG_WARN_INFINITE_RECURSION = YES;
				CLANG_WARN_INT_CONVERSION = YES;
				CLANG_WARN_OBJC_ROOT_CLASS = YES_ERROR;
				CLANG_WARN_SUSPICIOUS_MOVE = YES;
				CLANG_WARN_SUSPICIOUS_MOVES = YES;
				CLANG_WARN_UNREACHABLE_CODE = YES;
				CLANG_WARN__DUPLICATE_METHOD_MATCH = YES;
				CODE_SIGN_IDENTITY = "-";
				COPY_PHASE_STRIP = NO;
				DEBUG_INFORMATION_FORMAT = "dwarf-with-dsym";
				ENABLE_NS_ASSERTIONS = NO;
				ENABLE_STRICT_OBJC_MSGSEND = YES;
				GCC_C_LANGUAGE_STANDARD = gnu99;
				GCC_NO_COMMON_BLOCKS = YES;
				GCC_WARN_64_TO_32_BIT_CONVERSION = YES;
				GCC_WARN_ABOUT_RETURN_TYPE = YES_ERROR;
				GCC_WARN_UNDECLARED_SELECTOR = YES;
				GCC_WARN_UNINITIALIZED_AUTOS = YES_AGGRESSIVE;
				GCC_WARN_UNUSED_FUNCTION = YES;
				GCC_WARN_UNUSED_VARIABLE = YES;
				MACOSX_DEPLOYMENT_TARGET = 10.12;
				MTL_ENABLE_DEBUG_INFO = NO;
				SDKROOT = macosx;
				SWIFT_OPTIMIZATION_LEVEL = "-Owholemodule";
			};
			name = Release;
		};
		DB4382531DA49B7F00F0FCE3 /* Debug */ = {
			isa = XCBuildConfiguration;
			buildSettings = {
				ASSETCATALOG_COMPILER_APPICON_NAME = AppIcon;
				COMBINE_HIDPI_IMAGES = YES;
				DEVELOPMENT_TEAM = 8K4ZZ387R8;
				INFOPLIST_FILE = swelly/Info.plist;
				LD_RUNPATH_SEARCH_PATHS = "$(inherited) @executable_path/../Frameworks";
				PRODUCT_BUNDLE_IDENTIFIER = com.tgfbeta.swelly;
				PRODUCT_NAME = "$(TARGET_NAME)";
				SWIFT_VERSION = 3.0;
			};
			name = Debug;
		};
		DB4382541DA49B7F00F0FCE3 /* Release */ = {
			isa = XCBuildConfiguration;
			buildSettings = {
				ASSETCATALOG_COMPILER_APPICON_NAME = AppIcon;
				COMBINE_HIDPI_IMAGES = YES;
				DEVELOPMENT_TEAM = 8K4ZZ387R8;
				INFOPLIST_FILE = swelly/Info.plist;
				LD_RUNPATH_SEARCH_PATHS = "$(inherited) @executable_path/../Frameworks";
				PRODUCT_BUNDLE_IDENTIFIER = com.tgfbeta.swelly;
				PRODUCT_NAME = "$(TARGET_NAME)";
				SWIFT_VERSION = 3.0;
			};
			name = Release;
		};
/* End XCBuildConfiguration section */

/* Begin XCConfigurationList section */
		DB43823E1DA49B7F00F0FCE3 /* Build configuration list for PBXProject "swelly" */ = {
			isa = XCConfigurationList;
			buildConfigurations = (
				DB4382501DA49B7F00F0FCE3 /* Debug */,
				DB4382511DA49B7F00F0FCE3 /* Release */,
			);
			defaultConfigurationIsVisible = 0;
			defaultConfigurationName = Release;
		};
		DB4382521DA49B7F00F0FCE3 /* Build configuration list for PBXNativeTarget "swelly" */ = {
			isa = XCConfigurationList;
			buildConfigurations = (
				DB4382531DA49B7F00F0FCE3 /* Debug */,
				DB4382541DA49B7F00F0FCE3 /* Release */,
			);
			defaultConfigurationIsVisible = 0;
			defaultConfigurationName = Release;
		};
/* End XCConfigurationList section */
	};
	rootObject = DB43823B1DA49B7F00F0FCE3 /* Project object */;
}
